PODS:
  - Realm (3.11.1):
    - Realm/Headers (= 3.11.1)
  - Realm/Headers (3.11.1)
  - RealmSwift (3.11.1):
    - Realm (= 3.11.1)
  - Toast-Swift (4.0.0)

DEPENDENCIES:
  - RealmSwift
  - Toast-Swift

SPEC REPOS:
  https://github.com/cocoapods/specs.git:
    - Realm
    - RealmSwift
    - Toast-Swift

SPEC CHECKSUMS:
  Realm: 037c5919b9ceb59d6beed5d3b031096856b119b3
  RealmSwift: c9580133e73ef40ed340401af2dbc9a5790dfea7
  Toast-Swift: 594b5c5e5129f15438e410207e43287f027b3c00

PODFILE CHECKSUM: c816ca1684c724cd4fe1c793de9d47d4b042ea9e

COCOAPODS: 1.5.3
