// !$*UTF8*$!
{
	archiveVersion = 1;
	classes = {
	};
	objectVersion = 50;
	objects = {

/* Begin PBXBuildFile section */
		0A847889518D298FCF39DD7E /* Pods_contacts.framework in Frameworks */ = {isa = PBXBuildFile; fileRef = DD0B900292E1D4CB8227866D /* Pods_contacts.framework */; };
		62BDC74622182BCA0058C7DE /* NSErrorExtensions.swift in Sources */ = {isa = PBXBuildFile; fileRef = 62BDC74522182BCA0058C7DE /* NSErrorExtensions.swift */; };
		B23AD43A22018228007EA3FE /* NetworkService.swift in Sources */ = {isa = PBXBuildFile; fileRef = B23AD43922018228007EA3FE /* NetworkService.swift */; };
		B23AD43F22018C06007EA3FE /* LocatorService.swift in Sources */ = {isa = PBXBuildFile; fileRef = B23AD43E22018C06007EA3FE /* LocatorService.swift */; };
		B23AD44122019210007EA3FE /* DataBaseService.swift in Sources */ = {isa = PBXBuildFile; fileRef = B23AD44022019210007EA3FE /* DataBaseService.swift */; };
		B23D3F1C2208B61700043985 /* LoadService.swift in Sources */ = {isa = PBXBuildFile; fileRef = B23D3F1B2208B61700043985 /* LoadService.swift */; };
		B23D3F232208B80700043985 /* Contact.swift in Sources */ = {isa = PBXBuildFile; fileRef = B23D3F222208B80700043985 /* Contact.swift */; };
		B23D3F412209AF9800043985 /* ContactsService.swift in Sources */ = {isa = PBXBuildFile; fileRef = B23D3F402209AF9800043985 /* ContactsService.swift */; };
		B23D3F6D220AD18A00043985 /* ContactsAssembly.swift in Sources */ = {isa = PBXBuildFile; fileRef = B23D3F60220AD18A00043985 /* ContactsAssembly.swift */; };
		B23D3F6E220AD18A00043985 /* ContactsPresenter.swift in Sources */ = {isa = PBXBuildFile; fileRef = B23D3F62220AD18A00043985 /* ContactsPresenter.swift */; };
		B23D3F6F220AD18A00043985 /* ContactsViewInterface.swift in Sources */ = {isa = PBXBuildFile; fileRef = B23D3F64220AD18A00043985 /* ContactsViewInterface.swift */; };
		B23D3F70220AD18A00043985 /* ContactsViewController.swift in Sources */ = {isa = PBXBuildFile; fileRef = B23D3F65220AD18A00043985 /* ContactsViewController.swift */; };
		B23D3F71220AD18A00043985 /* ContactItem.swift in Sources */ = {isa = PBXBuildFile; fileRef = B23D3F67220AD18A00043985 /* ContactItem.swift */; };
		B23D3F72220AD18A00043985 /* ContactsInteractorInterface.swift in Sources */ = {isa = PBXBuildFile; fileRef = B23D3F68220AD18A00043985 /* ContactsInteractorInterface.swift */; };
		B23D3F73220AD18A00043985 /* ContactsInteractor.swift in Sources */ = {isa = PBXBuildFile; fileRef = B23D3F69220AD18A00043985 /* ContactsInteractor.swift */; };
		B23D3F74220AD18A00043985 /* ContactsRouter.swift in Sources */ = {isa = PBXBuildFile; fileRef = B23D3F6B220AD18A00043985 /* ContactsRouter.swift */; };
		B23D3F75220AD18A00043985 /* ContactsRouterInterface.swift in Sources */ = {isa = PBXBuildFile; fileRef = B23D3F6C220AD18A00043985 /* ContactsRouterInterface.swift */; };
		B23D3F77220AD62400043985 /* TableData.swift in Sources */ = {isa = PBXBuildFile; fileRef = B23D3F76220AD62400043985 /* TableData.swift */; };
		B23D3F7A220AEEF400043985 /* SortDesc.swift in Sources */ = {isa = PBXBuildFile; fileRef = B23D3F79220AEEF400043985 /* SortDesc.swift */; };
		B23D3F7E220D84AD00043985 /* RootWindowService.swift in Sources */ = {isa = PBXBuildFile; fileRef = B23D3F7D220D84AD00043985 /* RootWindowService.swift */; };
		B23D3F80220DC55000043985 /* LogService.swift in Sources */ = {isa = PBXBuildFile; fileRef = B23D3F7F220DC55000043985 /* LogService.swift */; };
		B23D3F842214168600043985 /* ContactsSB.storyboard in Resources */ = {isa = PBXBuildFile; fileRef = B23D3F832214168600043985 /* ContactsSB.storyboard */; };
		B23D3F86221418BD00043985 /* ContactsTVCell.swift in Sources */ = {isa = PBXBuildFile; fileRef = B23D3F85221418BD00043985 /* ContactsTVCell.swift */; };
		B23D3F97221450B000043985 /* ContactInfoAssembly.swift in Sources */ = {isa = PBXBuildFile; fileRef = B23D3F89221450B000043985 /* ContactInfoAssembly.swift */; };
		B23D3F98221450B000043985 /* ContactInfoPresenter.swift in Sources */ = {isa = PBXBuildFile; fileRef = B23D3F8B221450B000043985 /* ContactInfoPresenter.swift */; };
		B23D3F9A221450B000043985 /* ContactInfoViewInterface.swift in Sources */ = {isa = PBXBuildFile; fileRef = B23D3F8E221450B000043985 /* ContactInfoViewInterface.swift */; };
		B23D3F9B221450B000043985 /* ContactInfoViewController.swift in Sources */ = {isa = PBXBuildFile; fileRef = B23D3F8F221450B000043985 /* ContactInfoViewController.swift */; };
		B23D3F9C221450B000043985 /* ContactInfoInteractorInterface.swift in Sources */ = {isa = PBXBuildFile; fileRef = B23D3F91221450B000043985 /* ContactInfoInteractorInterface.swift */; };
		B23D3F9D221450B000043985 /* ContactInfoItem.swift in Sources */ = {isa = PBXBuildFile; fileRef = B23D3F92221450B000043985 /* ContactInfoItem.swift */; };
		B23D3F9E221450B000043985 /* ContactInfoInteractor.swift in Sources */ = {isa = PBXBuildFile; fileRef = B23D3F93221450B000043985 /* ContactInfoInteractor.swift */; };
		B23D3F9F221450B000043985 /* ContactsInfoRouterInterface.swift in Sources */ = {isa = PBXBuildFile; fileRef = B23D3F95221450B000043985 /* ContactsInfoRouterInterface.swift */; };
		B23D3FA0221450B000043985 /* ContactsInfoRouter.swift in Sources */ = {isa = PBXBuildFile; fileRef = B23D3F96221450B000043985 /* ContactsInfoRouter.swift */; };
		B24583602217152C009FB28F /* Assets.xcassets in Resources */ = {isa = PBXBuildFile; fileRef = B245835F2217152C009FB28F /* Assets.xcassets */; };
		B2F7CBF122003B0F00D6C868 /* AppDelegate.swift in Sources */ = {isa = PBXBuildFile; fileRef = B2F7CBF022003B0F00D6C868 /* AppDelegate.swift */; };
		B2F7CBFB22003B1200D6C868 /* LaunchScreen.storyboard in Resources */ = {isa = PBXBuildFile; fileRef = B2F7CBF922003B1200D6C868 /* LaunchScreen.storyboard */; };
/* End PBXBuildFile section */

/* Begin PBXFileReference section */
		62BDC74522182BCA0058C7DE /* NSErrorExtensions.swift */ = {isa = PBXFileReference; lastKnownFileType = sourcecode.swift; path = NSErrorExtensions.swift; sourceTree = "<group>"; };
		77568970FD301DA008F7DC3F /* Pods-contacts.debug.xcconfig */ = {isa = PBXFileReference; includeInIndex = 1; lastKnownFileType = text.xcconfig; name = "Pods-contacts.debug.xcconfig"; path = "../Pods/Target Support Files/Pods-contacts/Pods-contacts.debug.xcconfig"; sourceTree = "<group>"; };
		813170841D9E8BC9A55F7D97 /* Pods-contacts.release.xcconfig */ = {isa = PBXFileReference; includeInIndex = 1; lastKnownFileType = text.xcconfig; name = "Pods-contacts.release.xcconfig"; path = "../Pods/Target Support Files/Pods-contacts/Pods-contacts.release.xcconfig"; sourceTree = "<group>"; };
		B23AD43922018228007EA3FE /* NetworkService.swift */ = {isa = PBXFileReference; lastKnownFileType = sourcecode.swift; path = NetworkService.swift; sourceTree = "<group>"; };
		B23AD43E22018C06007EA3FE /* LocatorService.swift */ = {isa = PBXFileReference; lastKnownFileType = sourcecode.swift; path = LocatorService.swift; sourceTree = "<group>"; };
		B23AD44022019210007EA3FE /* DataBaseService.swift */ = {isa = PBXFileReference; lastKnownFileType = sourcecode.swift; path = DataBaseService.swift; sourceTree = "<group>"; };
		B23D3F1B2208B61700043985 /* LoadService.swift */ = {isa = PBXFileReference; lastKnownFileType = sourcecode.swift; path = LoadService.swift; sourceTree = "<group>"; };
		B23D3F222208B80700043985 /* Contact.swift */ = {isa = PBXFileReference; lastKnownFileType = sourcecode.swift; path = Contact.swift; sourceTree = "<group>"; };
		B23D3F402209AF9800043985 /* ContactsService.swift */ = {isa = PBXFileReference; lastKnownFileType = sourcecode.swift; name = ContactsService.swift; path = Service/ContactsService.swift; sourceTree = "<group>"; };
		B23D3F60220AD18A00043985 /* ContactsAssembly.swift */ = {isa = PBXFileReference; fileEncoding = 4; lastKnownFileType = sourcecode.swift; path = ContactsAssembly.swift; sourceTree = "<group>"; };
		B23D3F62220AD18A00043985 /* ContactsPresenter.swift */ = {isa = PBXFileReference; fileEncoding = 4; lastKnownFileType = sourcecode.swift; path = ContactsPresenter.swift; sourceTree = "<group>"; };
		B23D3F64220AD18A00043985 /* ContactsViewInterface.swift */ = {isa = PBXFileReference; fileEncoding = 4; lastKnownFileType = sourcecode.swift; path = ContactsViewInterface.swift; sourceTree = "<group>"; };
		B23D3F65220AD18A00043985 /* ContactsViewController.swift */ = {isa = PBXFileReference; fileEncoding = 4; lastKnownFileType = sourcecode.swift; path = ContactsViewController.swift; sourceTree = "<group>"; };
		B23D3F67220AD18A00043985 /* ContactItem.swift */ = {isa = PBXFileReference; fileEncoding = 4; lastKnownFileType = sourcecode.swift; path = ContactItem.swift; sourceTree = "<group>"; };
		B23D3F68220AD18A00043985 /* ContactsInteractorInterface.swift */ = {isa = PBXFileReference; fileEncoding = 4; lastKnownFileType = sourcecode.swift; path = ContactsInteractorInterface.swift; sourceTree = "<group>"; };
		B23D3F69220AD18A00043985 /* ContactsInteractor.swift */ = {isa = PBXFileReference; fileEncoding = 4; lastKnownFileType = sourcecode.swift; path = ContactsInteractor.swift; sourceTree = "<group>"; };
		B23D3F6B220AD18A00043985 /* ContactsRouter.swift */ = {isa = PBXFileReference; fileEncoding = 4; lastKnownFileType = sourcecode.swift; path = ContactsRouter.swift; sourceTree = "<group>"; };
		B23D3F6C220AD18A00043985 /* ContactsRouterInterface.swift */ = {isa = PBXFileReference; fileEncoding = 4; lastKnownFileType = sourcecode.swift; path = ContactsRouterInterface.swift; sourceTree = "<group>"; };
		B23D3F76220AD62400043985 /* TableData.swift */ = {isa = PBXFileReference; lastKnownFileType = sourcecode.swift; path = TableData.swift; sourceTree = "<group>"; };
		B23D3F79220AEEF400043985 /* SortDesc.swift */ = {isa = PBXFileReference; lastKnownFileType = sourcecode.swift; path = SortDesc.swift; sourceTree = "<group>"; };
		B23D3F7D220D84AD00043985 /* RootWindowService.swift */ = {isa = PBXFileReference; lastKnownFileType = sourcecode.swift; path = RootWindowService.swift; sourceTree = "<group>"; };
		B23D3F7F220DC55000043985 /* LogService.swift */ = {isa = PBXFileReference; lastKnownFileType = sourcecode.swift; path = LogService.swift; sourceTree = "<group>"; };
		B23D3F832214168600043985 /* ContactsSB.storyboard */ = {isa = PBXFileReference; lastKnownFileType = file.storyboard; path = ContactsSB.storyboard; sourceTree = "<group>"; };
		B23D3F85221418BD00043985 /* ContactsTVCell.swift */ = {isa = PBXFileReference; lastKnownFileType = sourcecode.swift; path = ContactsTVCell.swift; sourceTree = "<group>"; };
		B23D3F89221450B000043985 /* ContactInfoAssembly.swift */ = {isa = PBXFileReference; fileEncoding = 4; lastKnownFileType = sourcecode.swift; path = ContactInfoAssembly.swift; sourceTree = "<group>"; };
		B23D3F8B221450B000043985 /* ContactInfoPresenter.swift */ = {isa = PBXFileReference; fileEncoding = 4; lastKnownFileType = sourcecode.swift; path = ContactInfoPresenter.swift; sourceTree = "<group>"; };
		B23D3F8E221450B000043985 /* ContactInfoViewInterface.swift */ = {isa = PBXFileReference; fileEncoding = 4; lastKnownFileType = sourcecode.swift; path = ContactInfoViewInterface.swift; sourceTree = "<group>"; };
		B23D3F8F221450B000043985 /* ContactInfoViewController.swift */ = {isa = PBXFileReference; fileEncoding = 4; lastKnownFileType = sourcecode.swift; path = ContactInfoViewController.swift; sourceTree = "<group>"; };
		B23D3F91221450B000043985 /* ContactInfoInteractorInterface.swift */ = {isa = PBXFileReference; fileEncoding = 4; lastKnownFileType = sourcecode.swift; path = ContactInfoInteractorInterface.swift; sourceTree = "<group>"; };
		B23D3F92221450B000043985 /* ContactInfoItem.swift */ = {isa = PBXFileReference; fileEncoding = 4; lastKnownFileType = sourcecode.swift; path = ContactInfoItem.swift; sourceTree = "<group>"; };
		B23D3F93221450B000043985 /* ContactInfoInteractor.swift */ = {isa = PBXFileReference; fileEncoding = 4; lastKnownFileType = sourcecode.swift; path = ContactInfoInteractor.swift; sourceTree = "<group>"; };
		B23D3F95221450B000043985 /* ContactsInfoRouterInterface.swift */ = {isa = PBXFileReference; fileEncoding = 4; lastKnownFileType = sourcecode.swift; path = ContactsInfoRouterInterface.swift; sourceTree = "<group>"; };
		B23D3F96221450B000043985 /* ContactsInfoRouter.swift */ = {isa = PBXFileReference; fileEncoding = 4; lastKnownFileType = sourcecode.swift; path = ContactsInfoRouter.swift; sourceTree = "<group>"; };
		B245835F2217152C009FB28F /* Assets.xcassets */ = {isa = PBXFileReference; lastKnownFileType = folder.assetcatalog; path = Assets.xcassets; sourceTree = "<group>"; };
		B2F7CBED22003B0F00D6C868 /* contacts.app */ = {isa = PBXFileReference; explicitFileType = wrapper.application; includeInIndex = 0; path = contacts.app; sourceTree = BUILT_PRODUCTS_DIR; };
		B2F7CBF022003B0F00D6C868 /* AppDelegate.swift */ = {isa = PBXFileReference; lastKnownFileType = sourcecode.swift; path = AppDelegate.swift; sourceTree = "<group>"; };
		B2F7CBFA22003B1200D6C868 /* Base */ = {isa = PBXFileReference; lastKnownFileType = file.storyboard; name = Base; path = Base.lproj/LaunchScreen.storyboard; sourceTree = "<group>"; };
		B2F7CBFC22003B1200D6C868 /* Info.plist */ = {isa = PBXFileReference; lastKnownFileType = text.plist.xml; path = Info.plist; sourceTree = "<group>"; };
		DD0B900292E1D4CB8227866D /* Pods_contacts.framework */ = {isa = PBXFileReference; explicitFileType = wrapper.framework; includeInIndex = 0; path = Pods_contacts.framework; sourceTree = BUILT_PRODUCTS_DIR; };
/* End PBXFileReference section */

/* Begin PBXFrameworksBuildPhase section */
		B2F7CBEA22003B0F00D6C868 /* Frameworks */ = {
			isa = PBXFrameworksBuildPhase;
			buildActionMask = 2147483647;
			files = (
				0A847889518D298FCF39DD7E /* Pods_contacts.framework in Frameworks */,
			);
			runOnlyForDeploymentPostprocessing = 0;
		};
/* End PBXFrameworksBuildPhase section */

/* Begin PBXGroup section */
		18ADD5DCE4DE3673553D7580 /* Pods */ = {
			isa = PBXGroup;
			children = (
				77568970FD301DA008F7DC3F /* Pods-contacts.debug.xcconfig */,
				813170841D9E8BC9A55F7D97 /* Pods-contacts.release.xcconfig */,
			);
			name = Pods;
			sourceTree = "<group>";
		};
		35D8A4C1653C424CD472472D /* Frameworks */ = {
			isa = PBXGroup;
			children = (
				DD0B900292E1D4CB8227866D /* Pods_contacts.framework */,
			);
			name = Frameworks;
			sourceTree = "<group>";
		};
		B23AD43B2201822F007EA3FE /* Back */ = {
			isa = PBXGroup;
			children = (
				B23AD43922018228007EA3FE /* NetworkService.swift */,
				B23D3F7D220D84AD00043985 /* RootWindowService.swift */,
				B23AD44022019210007EA3FE /* DataBaseService.swift */,
				B23AD43E22018C06007EA3FE /* LocatorService.swift */,
				B23D3F1B2208B61700043985 /* LoadService.swift */,
				B23D3F7F220DC55000043985 /* LogService.swift */,
				B23D3F1F2208B7D700043985 /* ContactsService */,
			);
			path = Back;
			sourceTree = "<group>";
		};
		B23AD43C22018248007EA3FE /* Front */ = {
			isa = PBXGroup;
			children = (
				B23D3F832214168600043985 /* ContactsSB.storyboard */,
				B23D3F5E220AD18A00043985 /* Contacts */,
				B23D3F87221450B000043985 /* ContactInfo */,
			);
			path = Front;
			sourceTree = "<group>";
		};
		B23AD43D22018259007EA3FE /* Support */ = {
			isa = PBXGroup;
			children = (
				B245835F2217152C009FB28F /* Assets.xcassets */,
				B2F7CBF922003B1200D6C868 /* LaunchScreen.storyboard */,
				B2F7CBFC22003B1200D6C868 /* Info.plist */,
			);
			path = Support;
			sourceTree = "<group>";
		};
		B23D3F1F2208B7D700043985 /* ContactsService */ = {
			isa = PBXGroup;
			children = (
				B23D3F402209AF9800043985 /* ContactsService.swift */,
				B23D3F222208B80700043985 /* Contact.swift */,
			);
			path = ContactsService;
			sourceTree = "<group>";
		};
		B23D3F5E220AD18A00043985 /* Contacts */ = {
			isa = PBXGroup;
			children = (
				B23D3F5F220AD18A00043985 /* Assembly */,
				B23D3F61220AD18A00043985 /* Presenter */,
				B23D3F63220AD18A00043985 /* View */,
				B23D3F66220AD18A00043985 /* Interactor */,
				B23D3F6A220AD18A00043985 /* Router */,
			);
			path = Contacts;
			sourceTree = "<group>";
		};
		B23D3F5F220AD18A00043985 /* Assembly */ = {
			isa = PBXGroup;
			children = (
				B23D3F60220AD18A00043985 /* ContactsAssembly.swift */,
			);
			path = Assembly;
			sourceTree = "<group>";
		};
		B23D3F61220AD18A00043985 /* Presenter */ = {
			isa = PBXGroup;
			children = (
				B23D3F62220AD18A00043985 /* ContactsPresenter.swift */,
			);
			path = Presenter;
			sourceTree = "<group>";
		};
		B23D3F63220AD18A00043985 /* View */ = {
			isa = PBXGroup;
			children = (
				B23D3F64220AD18A00043985 /* ContactsViewInterface.swift */,
				B23D3F65220AD18A00043985 /* ContactsViewController.swift */,
				B23D3F85221418BD00043985 /* ContactsTVCell.swift */,
			);
			path = View;
			sourceTree = "<group>";
		};
		B23D3F66220AD18A00043985 /* Interactor */ = {
			isa = PBXGroup;
			children = (
				B23D3F67220AD18A00043985 /* ContactItem.swift */,
				B23D3F68220AD18A00043985 /* ContactsInteractorInterface.swift */,
				B23D3F69220AD18A00043985 /* ContactsInteractor.swift */,
			);
			path = Interactor;
			sourceTree = "<group>";
		};
		B23D3F6A220AD18A00043985 /* Router */ = {
			isa = PBXGroup;
			children = (
				B23D3F6B220AD18A00043985 /* ContactsRouter.swift */,
				B23D3F6C220AD18A00043985 /* ContactsRouterInterface.swift */,
			);
			path = Router;
			sourceTree = "<group>";
		};
		B23D3F78220AD62900043985 /* Common */ = {
			isa = PBXGroup;
			children = (
				B23D3F76220AD62400043985 /* TableData.swift */,
				B23D3F79220AEEF400043985 /* SortDesc.swift */,
				62BDC74522182BCA0058C7DE /* NSErrorExtensions.swift */,
			);
			name = Common;
			path = "New Group";
			sourceTree = "<group>";
		};
		B23D3F87221450B000043985 /* ContactInfo */ = {
			isa = PBXGroup;
			children = (
				B23D3F88221450B000043985 /* Assembly */,
				B23D3F8A221450B000043985 /* Presenter */,
				B23D3F8C221450B000043985 /* View */,
				B23D3F90221450B000043985 /* Interactor */,
				B23D3F94221450B000043985 /* Router */,
			);
			path = ContactInfo;
			sourceTree = "<group>";
		};
		B23D3F88221450B000043985 /* Assembly */ = {
			isa = PBXGroup;
			children = (
				B23D3F89221450B000043985 /* ContactInfoAssembly.swift */,
			);
			path = Assembly;
			sourceTree = "<group>";
		};
		B23D3F8A221450B000043985 /* Presenter */ = {
			isa = PBXGroup;
			children = (
				B23D3F8B221450B000043985 /* ContactInfoPresenter.swift */,
			);
			path = Presenter;
			sourceTree = "<group>";
		};
		B23D3F8C221450B000043985 /* View */ = {
			isa = PBXGroup;
			children = (
				B23D3F8E221450B000043985 /* ContactInfoViewInterface.swift */,
				B23D3F8F221450B000043985 /* ContactInfoViewController.swift */,
			);
			path = View;
			sourceTree = "<group>";
		};
		B23D3F90221450B000043985 /* Interactor */ = {
			isa = PBXGroup;
			children = (
				B23D3F91221450B000043985 /* ContactInfoInteractorInterface.swift */,
				B23D3F92221450B000043985 /* ContactInfoItem.swift */,
				B23D3F93221450B000043985 /* ContactInfoInteractor.swift */,
			);
			path = Interactor;
			sourceTree = "<group>";
		};
		B23D3F94221450B000043985 /* Router */ = {
			isa = PBXGroup;
			children = (
				B23D3F95221450B000043985 /* ContactsInfoRouterInterface.swift */,
				B23D3F96221450B000043985 /* ContactsInfoRouter.swift */,
			);
			path = Router;
			sourceTree = "<group>";
		};
		B2F7CBE422003B0F00D6C868 = {
			isa = PBXGroup;
			children = (
				B2F7CBEF22003B0F00D6C868 /* contacts */,
				B2F7CBEE22003B0F00D6C868 /* Products */,
				35D8A4C1653C424CD472472D /* Frameworks */,
				18ADD5DCE4DE3673553D7580 /* Pods */,
			);
			sourceTree = "<group>";
		};
		B2F7CBEE22003B0F00D6C868 /* Products */ = {
			isa = PBXGroup;
			children = (
				B2F7CBED22003B0F00D6C868 /* contacts.app */,
			);
			name = Products;
			sourceTree = "<group>";
		};
		B2F7CBEF22003B0F00D6C868 /* contacts */ = {
			isa = PBXGroup;
			children = (
				B2F7CBF022003B0F00D6C868 /* AppDelegate.swift */,
				B23D3F78220AD62900043985 /* Common */,
				B23AD43B2201822F007EA3FE /* Back */,
				B23AD43C22018248007EA3FE /* Front */,
				B23AD43D22018259007EA3FE /* Support */,
			);
			path = contacts;
			sourceTree = "<group>";
		};
/* End PBXGroup section */

/* Begin PBXNativeTarget section */
		B2F7CBEC22003B0F00D6C868 /* contacts */ = {
			isa = PBXNativeTarget;
			buildConfigurationList = B2F7CBFF22003B1200D6C868 /* Build configuration list for PBXNativeTarget "contacts" */;
			buildPhases = (
				253C6EEC98B9AF9777ED1BBE /* [CP] Check Pods Manifest.lock */,
				B2F7CBE922003B0F00D6C868 /* Sources */,
				B2F7CBEA22003B0F00D6C868 /* Frameworks */,
				B2F7CBEB22003B0F00D6C868 /* Resources */,
				D71F92C349CAE74021828EB4 /* [CP] Embed Pods Frameworks */,
			);
			buildRules = (
			);
			dependencies = (
			);
			name = contacts;
			productName = contacts;
			productReference = B2F7CBED22003B0F00D6C868 /* contacts.app */;
			productType = "com.apple.product-type.application";
		};
/* End PBXNativeTarget section */

/* Begin PBXProject section */
		B2F7CBE522003B0F00D6C868 /* Project object */ = {
			isa = PBXProject;
			attributes = {
				LastSwiftUpdateCheck = 1010;
				LastUpgradeCheck = 1010;
				ORGANIZATIONNAME = "Nikolay Gladkovskiy";
				TargetAttributes = {
					B2F7CBEC22003B0F00D6C868 = {
						CreatedOnToolsVersion = 10.1;
					};
				};
			};
			buildConfigurationList = B2F7CBE822003B0F00D6C868 /* Build configuration list for PBXProject "App" */;
			compatibilityVersion = "Xcode 9.3";
			developmentRegion = en;
			hasScannedForEncodings = 0;
			knownRegions = (
				en,
				Base,
			);
			mainGroup = B2F7CBE422003B0F00D6C868;
			productRefGroup = B2F7CBEE22003B0F00D6C868 /* Products */;
			projectDirPath = "";
			projectRoot = "";
			targets = (
				B2F7CBEC22003B0F00D6C868 /* contacts */,
			);
		};
/* End PBXProject section */

/* Begin PBXResourcesBuildPhase section */
		B2F7CBEB22003B0F00D6C868 /* Resources */ = {
			isa = PBXResourcesBuildPhase;
			buildActionMask = 2147483647;
			files = (
				B2F7CBFB22003B1200D6C868 /* LaunchScreen.storyboard in Resources */,
				B24583602217152C009FB28F /* Assets.xcassets in Resources */,
				B23D3F842214168600043985 /* ContactsSB.storyboard in Resources */,
			);
			runOnlyForDeploymentPostprocessing = 0;
		};
/* End PBXResourcesBuildPhase section */

/* Begin PBXShellScriptBuildPhase section */
		253C6EEC98B9AF9777ED1BBE /* [CP] Check Pods Manifest.lock */ = {
			isa = PBXShellScriptBuildPhase;
			buildActionMask = 2147483647;
			files = (
			);
			inputFileListPaths = (
			);
			inputPaths = (
				"${PODS_PODFILE_DIR_PATH}/Podfile.lock",
				"${PODS_ROOT}/Manifest.lock",
			);
			name = "[CP] Check Pods Manifest.lock";
			outputFileListPaths = (
			);
			outputPaths = (
				"$(DERIVED_FILE_DIR)/Pods-contacts-checkManifestLockResult.txt",
			);
			runOnlyForDeploymentPostprocessing = 0;
			shellPath = /bin/sh;
			shellScript = "diff \"${PODS_PODFILE_DIR_PATH}/Podfile.lock\" \"${PODS_ROOT}/Manifest.lock\" > /dev/null\nif [ $? != 0 ] ; then\n    # print error to STDERR\n    echo \"error: The sandbox is not in sync with the Podfile.lock. Run 'pod install' or update your CocoaPods installation.\" >&2\n    exit 1\nfi\n# This output is used by Xcode 'outputs' to avoid re-running this script phase.\necho \"SUCCESS\" > \"${SCRIPT_OUTPUT_FILE_0}\"\n";
			showEnvVarsInLog = 0;
		};
		D71F92C349CAE74021828EB4 /* [CP] Embed Pods Frameworks */ = {
			isa = PBXShellScriptBuildPhase;
			buildActionMask = 2147483647;
			files = (
			);
			inputFileListPaths = (
			);
			inputPaths = (
				"${SRCROOT}/../Pods/Target Support Files/Pods-contacts/Pods-contacts-frameworks.sh",
				"${BUILT_PRODUCTS_DIR}/Realm/Realm.framework",
				"${BUILT_PRODUCTS_DIR}/RealmSwift/RealmSwift.framework",
				"${BUILT_PRODUCTS_DIR}/Toast-Swift/Toast_Swift.framework",
			);
			name = "[CP] Embed Pods Frameworks";
			outputFileListPaths = (
			);
			outputPaths = (
				"${TARGET_BUILD_DIR}/${FRAMEWORKS_FOLDER_PATH}/Realm.framework",
				"${TARGET_BUILD_DIR}/${FRAMEWORKS_FOLDER_PATH}/RealmSwift.framework",
				"${TARGET_BUILD_DIR}/${FRAMEWORKS_FOLDER_PATH}/Toast_Swift.framework",
			);
			runOnlyForDeploymentPostprocessing = 0;
			shellPath = /bin/sh;
			shellScript = "\"${SRCROOT}/../Pods/Target Support Files/Pods-contacts/Pods-contacts-frameworks.sh\"\n";
			showEnvVarsInLog = 0;
		};
/* End PBXShellScriptBuildPhase section */

/* Begin PBXSourcesBuildPhase section */
		B2F7CBE922003B0F00D6C868 /* Sources */ = {
			isa = PBXSourcesBuildPhase;
			buildActionMask = 2147483647;
			files = (
				B23AD43F22018C06007EA3FE /* LocatorService.swift in Sources */,
				B23D3F9B221450B000043985 /* ContactInfoViewController.swift in Sources */,
				B23D3F9A221450B000043985 /* ContactInfoViewInterface.swift in Sources */,
				62BDC74622182BCA0058C7DE /* NSErrorExtensions.swift in Sources */,
				B23D3F70220AD18A00043985 /* ContactsViewController.swift in Sources */,
				B23D3F232208B80700043985 /* Contact.swift in Sources */,
				B23D3F6E220AD18A00043985 /* ContactsPresenter.swift in Sources */,
				B23D3F9D221450B000043985 /* ContactInfoItem.swift in Sources */,
				B23D3FA0221450B000043985 /* ContactsInfoRouter.swift in Sources */,
				B23D3F7A220AEEF400043985 /* SortDesc.swift in Sources */,
				B23D3F77220AD62400043985 /* TableData.swift in Sources */,
				B23D3F9E221450B000043985 /* ContactInfoInteractor.swift in Sources */,
				B23D3F71220AD18A00043985 /* ContactItem.swift in Sources */,
				B23D3F7E220D84AD00043985 /* RootWindowService.swift in Sources */,
				B23D3F1C2208B61700043985 /* LoadService.swift in Sources */,
				B23D3F74220AD18A00043985 /* ContactsRouter.swift in Sources */,
				B23D3F6F220AD18A00043985 /* ContactsViewInterface.swift in Sources */,
				B23D3F98221450B000043985 /* ContactInfoPresenter.swift in Sources */,
				B23D3F412209AF9800043985 /* ContactsService.swift in Sources */,
				B23D3F9F221450B000043985 /* ContactsInfoRouterInterface.swift in Sources */,
				B23AD43A22018228007EA3FE /* NetworkService.swift in Sources */,
				B23D3F73220AD18A00043985 /* ContactsInteractor.swift in Sources */,
				B23D3F9C221450B000043985 /* ContactInfoInteractorInterface.swift in Sources */,
				B23D3F6D220AD18A00043985 /* ContactsAssembly.swift in Sources */,
				B23D3F75220AD18A00043985 /* ContactsRouterInterface.swift in Sources */,
				B23D3F72220AD18A00043985 /* ContactsInteractorInterface.swift in Sources */,
				B23D3F86221418BD00043985 /* ContactsTVCell.swift in Sources */,
				B23AD44122019210007EA3FE /* DataBaseService.swift in Sources */,
				B2F7CBF122003B0F00D6C868 /* AppDelegate.swift in Sources */,
				B23D3F97221450B000043985 /* ContactInfoAssembly.swift in Sources */,
				B23D3F80220DC55000043985 /* LogService.swift in Sources */,
			);
			runOnlyForDeploymentPostprocessing = 0;
		};
/* End PBXSourcesBuildPhase section */

/* Begin PBXVariantGroup section */
		B2F7CBF922003B1200D6C868 /* LaunchScreen.storyboard */ = {
			isa = PBXVariantGroup;
			children = (
				B2F7CBFA22003B1200D6C868 /* Base */,
			);
			name = LaunchScreen.storyboard;
			sourceTree = "<group>";
		};
/* End PBXVariantGroup section */

/* Begin XCBuildConfiguration section */
		B2F7CBFD22003B1200D6C868 /* Debug */ = {
			isa = XCBuildConfiguration;
			buildSettings = {
				ALWAYS_SEARCH_USER_PATHS = NO;
				CLANG_ANALYZER_NONNULL = YES;
				CLANG_ANALYZER_NUMBER_OBJECT_CONVERSION = YES_AGGRESSIVE;
				CLANG_CXX_LANGUAGE_STANDARD = "gnu++14";
				CLANG_CXX_LIBRARY = "libc++";
				CLANG_ENABLE_MODULES = YES;
				CLANG_ENABLE_OBJC_ARC = YES;
				CLANG_ENABLE_OBJC_WEAK = YES;
				CLANG_WARN_BLOCK_CAPTURE_AUTORELEASING = YES;
				CLANG_WARN_BOOL_CONVERSION = YES;
				CLANG_WARN_COMMA = YES;
				CLANG_WARN_CONSTANT_CONVERSION = YES;
				CLANG_WARN_DEPRECATED_OBJC_IMPLEMENTATIONS = YES;
				CLANG_WARN_DIRECT_OBJC_ISA_USAGE = YES_ERROR;
				CLANG_WARN_DOCUMENTATION_COMMENTS = YES;
				CLANG_WARN_EMPTY_BODY = YES;
				CLANG_WARN_ENUM_CONVERSION = YES;
				CLANG_WARN_INFINITE_RECURSION = YES;
				CLANG_WARN_INT_CONVERSION = YES;
				CLANG_WARN_NON_LITERAL_NULL_CONVERSION = YES;
				CLANG_WARN_OBJC_IMPLICIT_RETAIN_SELF = YES;
				CLANG_WARN_OBJC_LITERAL_CONVERSION = YES;
				CLANG_WARN_OBJC_ROOT_CLASS = YES_ERROR;
				CLANG_WARN_RANGE_LOOP_ANALYSIS = YES;
				CLANG_WARN_STRICT_PROTOTYPES = YES;
				CLANG_WARN_SUSPICIOUS_MOVE = YES;
				CLANG_WARN_UNGUARDED_AVAILABILITY = YES_AGGRESSIVE;
				CLANG_WARN_UNREACHABLE_CODE = YES;
				CLANG_WARN__DUPLICATE_METHOD_MATCH = YES;
				CODE_SIGN_IDENTITY = "iPhone Developer";
				COPY_PHASE_STRIP = NO;
				DEBUG_INFORMATION_FORMAT = dwarf;
				ENABLE_STRICT_OBJC_MSGSEND = YES;
				ENABLE_TESTABILITY = YES;
				GCC_C_LANGUAGE_STANDARD = gnu11;
				GCC_DYNAMIC_NO_PIC = NO;
				GCC_NO_COMMON_BLOCKS = YES;
				GCC_OPTIMIZATION_LEVEL = 0;
				GCC_PREPROCESSOR_DEFINITIONS = (
					"DEBUG=1",
					"$(inherited)",
				);
				GCC_WARN_64_TO_32_BIT_CONVERSION = YES;
				GCC_WARN_ABOUT_RETURN_TYPE = YES_ERROR;
				GCC_WARN_UNDECLARED_SELECTOR = YES;
				GCC_WARN_UNINITIALIZED_AUTOS = YES_AGGRESSIVE;
				GCC_WARN_UNUSED_FUNCTION = YES;
				GCC_WARN_UNUSED_VARIABLE = YES;
				IPHONEOS_DEPLOYMENT_TARGET = 12.1;
				MTL_ENABLE_DEBUG_INFO = INCLUDE_SOURCE;
				MTL_FAST_MATH = YES;
				ONLY_ACTIVE_ARCH = YES;
				SDKROOT = iphoneos;
				SWIFT_ACTIVE_COMPILATION_CONDITIONS = DEBUG;
				SWIFT_OPTIMIZATION_LEVEL = "-Onone";
			};
			name = Debug;
		};
		B2F7CBFE22003B1200D6C868 /* Release */ = {
			isa = XCBuildConfiguration;
			buildSettings = {
				ALWAYS_SEARCH_USER_PATHS = NO;
				CLANG_ANALYZER_NONNULL = YES;
				CLANG_ANALYZER_NUMBER_OBJECT_CONVERSION = YES_AGGRESSIVE;
				CLANG_CXX_LANGUAGE_STANDARD = "gnu++14";
				CLANG_CXX_LIBRARY = "libc++";
				CLANG_ENABLE_MODULES = YES;
				CLANG_ENABLE_OBJC_ARC = YES;
				CLANG_ENABLE_OBJC_WEAK = YES;
				CLANG_WARN_BLOCK_CAPTURE_AUTORELEASING = YES;
				CLANG_WARN_BOOL_CONVERSION = YES;
				CLANG_WARN_COMMA = YES;
				CLANG_WARN_CONSTANT_CONVERSION = YES;
				CLANG_WARN_DEPRECATED_OBJC_IMPLEMENTATIONS = YES;
				CLANG_WARN_DIRECT_OBJC_ISA_USAGE = YES_ERROR;
				CLANG_WARN_DOCUMENTATION_COMMENTS = YES;
				CLANG_WARN_EMPTY_BODY = YES;
				CLANG_WARN_ENUM_CONVERSION = YES;
				CLANG_WARN_INFINITE_RECURSION = YES;
				CLANG_WARN_INT_CONVERSION = YES;
				CLANG_WARN_NON_LITERAL_NULL_CONVERSION = YES;
				CLANG_WARN_OBJC_IMPLICIT_RETAIN_SELF = YES;
				CLANG_WARN_OBJC_LITERAL_CONVERSION = YES;
				CLANG_WARN_OBJC_ROOT_CLASS = YES_ERROR;
				CLANG_WARN_RANGE_LOOP_ANALYSIS = YES;
				CLANG_WARN_STRICT_PROTOTYPES = YES;
				CLANG_WARN_SUSPICIOUS_MOVE = YES;
				CLANG_WARN_UNGUARDED_AVAILABILITY = YES_AGGRESSIVE;
				CLANG_WARN_UNREACHABLE_CODE = YES;
				CLANG_WARN__DUPLICATE_METHOD_MATCH = YES;
				CODE_SIGN_IDENTITY = "iPhone Developer";
				COPY_PHASE_STRIP = NO;
				DEBUG_INFORMATION_FORMAT = "dwarf-with-dsym";
				ENABLE_NS_ASSERTIONS = NO;
				ENABLE_STRICT_OBJC_MSGSEND = YES;
				GCC_C_LANGUAGE_STANDARD = gnu11;
				GCC_NO_COMMON_BLOCKS = YES;
				GCC_WARN_64_TO_32_BIT_CONVERSION = YES;
				GCC_WARN_ABOUT_RETURN_TYPE = YES_ERROR;
				GCC_WARN_UNDECLARED_SELECTOR = YES;
				GCC_WARN_UNINITIALIZED_AUTOS = YES_AGGRESSIVE;
				GCC_WARN_UNUSED_FUNCTION = YES;
				GCC_WARN_UNUSED_VARIABLE = YES;
				IPHONEOS_DEPLOYMENT_TARGET = 12.1;
				MTL_ENABLE_DEBUG_INFO = NO;
				MTL_FAST_MATH = YES;
				SDKROOT = iphoneos;
				SWIFT_COMPILATION_MODE = wholemodule;
				SWIFT_OPTIMIZATION_LEVEL = "-O";
				VALIDATE_PRODUCT = YES;
			};
			name = Release;
		};
		B2F7CC0022003B1200D6C868 /* Debug */ = {
			isa = XCBuildConfiguration;
			baseConfigurationReference = 77568970FD301DA008F7DC3F /* Pods-contacts.debug.xcconfig */;
			buildSettings = {
				ASSETCATALOG_COMPILER_APPICON_NAME = AppIcon;
				CODE_SIGN_STYLE = Automatic;
				DEVELOPMENT_TEAM = CNFAR2GRNS;
				INFOPLIST_FILE = "$(SRCROOT)/contacts/Support/Info.plist";
				LD_RUNPATH_SEARCH_PATHS = (
					"$(inherited)",
					"@executable_path/Frameworks",
				);
				PRODUCT_BUNDLE_IDENTIFIER = PF.contacts;
				PRODUCT_NAME = "$(TARGET_NAME)";
				SWIFT_VERSION = 4.2;
				TARGETED_DEVICE_FAMILY = "1,2";
			};
			name = Debug;
		};
		B2F7CC0122003B1200D6C868 /* Release */ = {
			isa = XCBuildConfiguration;
			baseConfigurationReference = 813170841D9E8BC9A55F7D97 /* Pods-contacts.release.xcconfig */;
			buildSettings = {
				ASSETCATALOG_COMPILER_APPICON_NAME = AppIcon;
				CODE_SIGN_STYLE = Automatic;
				DEVELOPMENT_TEAM = CNFAR2GRNS;
				INFOPLIST_FILE = "$(SRCROOT)/contacts/Support/Info.plist";
				LD_RUNPATH_SEARCH_PATHS = (
					"$(inherited)",
					"@executable_path/Frameworks",
				);
				PRODUCT_BUNDLE_IDENTIFIER = PF.contacts;
				PRODUCT_NAME = "$(TARGET_NAME)";
				SWIFT_VERSION = 4.2;
				TARGETED_DEVICE_FAMILY = "1,2";
			};
			name = Release;
		};
/* End XCBuildConfiguration section */

/* Begin XCConfigurationList section */
		B2F7CBE822003B0F00D6C868 /* Build configuration list for PBXProject "App" */ = {
			isa = XCConfigurationList;
			buildConfigurations = (
				B2F7CBFD22003B1200D6C868 /* Debug */,
				B2F7CBFE22003B1200D6C868 /* Release */,
			);
			defaultConfigurationIsVisible = 0;
			defaultConfigurationName = Release;
		};
		B2F7CBFF22003B1200D6C868 /* Build configuration list for PBXNativeTarget "contacts" */ = {
			isa = XCConfigurationList;
			buildConfigurations = (
				B2F7CC0022003B1200D6C868 /* Debug */,
				B2F7CC0122003B1200D6C868 /* Release */,
			);
			defaultConfigurationIsVisible = 0;
			defaultConfigurationName = Release;
		};
/* End XCConfigurationList section */
	};
	rootObject = B2F7CBE522003B0F00D6C868 /* Project object */;
}
